
Microsoft Visual Studio Solution File, Format Version 12.00
# Visual Studio Version 16
VisualStudioVersion = 16.0.31112.23
MinimumVisualStudioVersion = 10.0.40219.1
Project("{FAE04EC0-301F-11D3-BF4B-00C04F79EFBC}") = "React", "React\React.csproj", "{C6CEEED5-FD97-4558-9A52-1B3431387D24}"
EndProject
Global
	GlobalSection(SolutionConfigurationPlatforms) = preSolution
		Debug|Any CPU = Debug|Any CPU
		Release|Any CPU = Release|Any CPU
	EndGlobalSection
	GlobalSection(ProjectConfigurationPlatforms) = postSolution
		{C6CEEED5-FD97-4558-9A52-1B3431387D24}.Debug|Any CPU.ActiveCfg = Debug|Any CPU
		{C6CEEED5-FD97-4558-9A52-1B3431387D24}.Debug|Any CPU.Build.0 = Debug|Any CPU
		{C6CEEED5-FD97-4558-9A52-1B3431387D24}.Release|Any CPU.ActiveCfg = Release|Any CPU
		{C6CEEED5-FD97-4558-9A52-1B3431387D24}.Release|Any CPU.Build.0 = Release|Any CPU
	EndGlobalSection
	GlobalSection(SolutionProperties) = preSolution
		HideSolutionNode = FALSE
	EndGlobalSection
	GlobalSection(ExtensibilityGlobals) = postSolution
		SolutionGuid = {8A445684-046A-4E9D-AA52-F0C85ECC7BAF}
	EndGlobalSection
EndGlobal
